
Microsoft Visual Studio Solution File, Format Version 12.00
# Visual Studio Version 17
VisualStudioVersion = 17.5.002.0
MinimumVisualStudioVersion = 10.0.40219.1
Project("{9A19103F-16F7-4668-BE54-9A1E7A4F7556}") = "IO3A", "IO3A.csproj", "{B6527844-FDB6-4A74-8BE4-BB32211A37EC}"
EndProject
Global
	GlobalSection(SolutionConfigurationPlatforms) = preSolution
		Debug|Any CPU = Debug|Any CPU
		Release|Any CPU = Release|Any CPU
	EndGlobalSection
	GlobalSection(ProjectConfigurationPlatforms) = postSolution
		{B6527844-FDB6-4A74-8BE4-BB32211A37EC}.Debug|Any CPU.ActiveCfg = Debug|Any CPU
		{B6527844-FDB6-4A74-8BE4-BB32211A37EC}.Debug|Any CPU.Build.0 = Debug|Any CPU
		{B6527844-FDB6-4A74-8BE4-BB32211A37EC}.Release|Any CPU.ActiveCfg = Release|Any CPU
		{B6527844-FDB6-4A74-8BE4-BB32211A37EC}.Release|Any CPU.Build.0 = Release|Any CPU
	EndGlobalSection
	GlobalSection(SolutionProperties) = preSolution
		HideSolutionNode = FALSE
	EndGlobalSection
	GlobalSection(ExtensibilityGlobals) = postSolution
		SolutionGuid = {1C4C240B-D9CA-421C-8899-3304F4A0D231}
	EndGlobalSection
EndGlobal
